
Microsoft Visual Studio Solution File, Format Version 12.00
# Visual Studio Version 17
VisualStudioVersion = 17.14.36414.22
MinimumVisualStudioVersion = 10.0.40219.1
Project("{FAE04EC0-301F-11D3-BF4B-00C04F79EFBC}") = "Agrine.Lite.Calculator", "Agrine.Lite.Calculator\Agrine.Lite.Calculator.csproj", "{D5B3320D-413D-4BE8-B4D7-D27321EAC3BD}"
EndProject
Project("{FAE04EC0-301F-11D3-BF4B-00C04F79EFBC}") = "Agrine.Lite.WebBrowser", "Agrine.Lite.WebBrowser\Agrine.Lite.WebBrowser.csproj", "{EFDCA05D-F5C5-48BF-A456-2CDB3971E348}"
EndProject
Global
	GlobalSection(SolutionConfigurationPlatforms) = preSolution
		Debug|Any CPU = Debug|Any CPU
		Release|Any CPU = Release|Any CPU
	EndGlobalSection
	GlobalSection(ProjectConfigurationPlatforms) = postSolution
		{D5B3320D-413D-4BE8-B4D7-D27321EAC3BD}.Debug|Any CPU.ActiveCfg = Debug|Any CPU
		{D5B3320D-413D-4BE8-B4D7-D27321EAC3BD}.Debug|Any CPU.Build.0 = Debug|Any CPU
		{D5B3320D-413D-4BE8-B4D7-D27321EAC3BD}.Release|Any CPU.ActiveCfg = Release|Any CPU
		{D5B3320D-413D-4BE8-B4D7-D27321EAC3BD}.Release|Any CPU.Build.0 = Release|Any CPU
		{EFDCA05D-F5C5-48BF-A456-2CDB3971E348}.Debug|Any CPU.ActiveCfg = Debug|Any CPU
		{EFDCA05D-F5C5-48BF-A456-2CDB3971E348}.Debug|Any CPU.Build.0 = Debug|Any CPU
		{EFDCA05D-F5C5-48BF-A456-2CDB3971E348}.Release|Any CPU.ActiveCfg = Release|Any CPU
		{EFDCA05D-F5C5-48BF-A456-2CDB3971E348}.Release|Any CPU.Build.0 = Release|Any CPU
	EndGlobalSection
	GlobalSection(SolutionProperties) = preSolution
		HideSolutionNode = FALSE
	EndGlobalSection
	GlobalSection(ExtensibilityGlobals) = postSolution
		SolutionGuid = {1F6458C2-1985-4D35-9B80-8862F14416D6}
	EndGlobalSection
EndGlobal
